
Microsoft Visual Studio Solution File, Format Version 9.00
# Visual Studio 2005
Project("{FAE04EC0-301F-11D3-BF4B-00C04F79EFBC}") = "JamSearch", "JamSearch.csproj", "{DEEB68BF-4702-49DB-981A-27CC6BBF1A99}"
	ProjectSection(WebsiteProperties) = preProject
		Debug.AspNetCompiler.Debug = "True"
		Release.AspNetCompiler.Debug = "False"
	EndProjectSection
EndProject
Global
	GlobalSection(SolutionConfigurationPlatforms) = preSolution
		Debug|Any CPU = Debug|Any CPU
		Release|Any CPU = Release|Any CPU
	EndGlobalSection
	GlobalSection(ProjectConfigurationPlatforms) = postSolution
		{DEEB68BF-4702-49DB-981A-27CC6BBF1A99}.Debug|Any CPU.ActiveCfg = Debug|Any CPU
		{DEEB68BF-4702-49DB-981A-27CC6BBF1A99}.Debug|Any CPU.Build.0 = Debug|Any CPU
		{DEEB68BF-4702-49DB-981A-27CC6BBF1A99}.Release|Any CPU.ActiveCfg = Release|Any CPU
		{DEEB68BF-4702-49DB-981A-27CC6BBF1A99}.Release|Any CPU.Build.0 = Release|Any CPU
	EndGlobalSection
	GlobalSection(SolutionProperties) = preSolution
		HideSolutionNode = FALSE
	EndGlobalSection
EndGlobal
